
Microsoft Visual Studio Solution File, Format Version 12.00
# Visual Studio 15
VisualStudioVersion = 15.0.27004.2005
MinimumVisualStudioVersion = 10.0.40219.1
Project("{FAE04EC0-301F-11D3-BF4B-00C04F79EFBC}") = "ASPLabs", "ASPLabs\ASPLabs.csproj", "{2F69411B-1721-45C3-BA4B-592C72938A30}"
EndProject
Project("{FAE04EC0-301F-11D3-BF4B-00C04F79EFBC}") = "Lab3.Data", "Lab3.Data\Lab3.Data.csproj", "{C792E6FA-B924-45CA-AE47-063858F3A2ED}"
EndProject
Project("{FAE04EC0-301F-11D3-BF4B-00C04F79EFBC}") = "lab4", "lab4\lab4.csproj", "{D0EDF0B7-A292-4B56-9B5C-33DE1E394798}"
EndProject
Project("{2150E333-8FDC-42A3-9474-1A3956D46DE8}") = "Solution Items", "Solution Items", "{9BDF11EB-200F-46D9-AEBA-C3068B7E404D}"
	ProjectSection(SolutionItems) = preProject
		HospitalWebApplication\HospitalWebApplication.csproj = HospitalWebApplication\HospitalWebApplication.csproj
	EndProjectSection
EndProject
Project("{FAE04EC0-301F-11D3-BF4B-00C04F79EFBC}") = "HospitalWebApplication", "HospitalWebApplication\HospitalWebApplication.csproj", "{18A07DC3-A678-42DA-A9D4-7C7D5BF1C1E6}"
EndProject
Global
	GlobalSection(SolutionConfigurationPlatforms) = preSolution
		Debug|Any CPU = Debug|Any CPU
		Release|Any CPU = Release|Any CPU
	EndGlobalSection
	GlobalSection(ProjectConfigurationPlatforms) = postSolution
		{2F69411B-1721-45C3-BA4B-592C72938A30}.Debug|Any CPU.ActiveCfg = Debug|Any CPU
		{2F69411B-1721-45C3-BA4B-592C72938A30}.Debug|Any CPU.Build.0 = Debug|Any CPU
		{2F69411B-1721-45C3-BA4B-592C72938A30}.Release|Any CPU.ActiveCfg = Release|Any CPU
		{2F69411B-1721-45C3-BA4B-592C72938A30}.Release|Any CPU.Build.0 = Release|Any CPU
		{C792E6FA-B924-45CA-AE47-063858F3A2ED}.Debug|Any CPU.ActiveCfg = Debug|Any CPU
		{C792E6FA-B924-45CA-AE47-063858F3A2ED}.Debug|Any CPU.Build.0 = Debug|Any CPU
		{C792E6FA-B924-45CA-AE47-063858F3A2ED}.Release|Any CPU.ActiveCfg = Release|Any CPU
		{C792E6FA-B924-45CA-AE47-063858F3A2ED}.Release|Any CPU.Build.0 = Release|Any CPU
		{D0EDF0B7-A292-4B56-9B5C-33DE1E394798}.Debug|Any CPU.ActiveCfg = Debug|Any CPU
		{D0EDF0B7-A292-4B56-9B5C-33DE1E394798}.Debug|Any CPU.Build.0 = Debug|Any CPU
		{D0EDF0B7-A292-4B56-9B5C-33DE1E394798}.Release|Any CPU.ActiveCfg = Release|Any CPU
		{D0EDF0B7-A292-4B56-9B5C-33DE1E394798}.Release|Any CPU.Build.0 = Release|Any CPU
		{18A07DC3-A678-42DA-A9D4-7C7D5BF1C1E6}.Debug|Any CPU.ActiveCfg = Debug|Any CPU
		{18A07DC3-A678-42DA-A9D4-7C7D5BF1C1E6}.Debug|Any CPU.Build.0 = Debug|Any CPU
		{18A07DC3-A678-42DA-A9D4-7C7D5BF1C1E6}.Release|Any CPU.ActiveCfg = Release|Any CPU
		{18A07DC3-A678-42DA-A9D4-7C7D5BF1C1E6}.Release|Any CPU.Build.0 = Release|Any CPU
	EndGlobalSection
	GlobalSection(SolutionProperties) = preSolution
		HideSolutionNode = FALSE
	EndGlobalSection
	GlobalSection(ExtensibilityGlobals) = postSolution
		SolutionGuid = {7FD2E73C-F384-4B9B-A1D0-6D6FA9937C1A}
	EndGlobalSection
EndGlobal
